
Microsoft Visual Studio Solution File, Format Version 10.00
# Visual Studio 2008
Project("{FAE04EC0-301F-11D3-BF4B-00C04F79EFBC}") = "LiveChat.Entity", "LiveChat.Entity\LiveChat.Entity.csproj", "{CD173DCC-3A8F-4483-B463-A934EBBC5210}"
EndProject
Project("{FAE04EC0-301F-11D3-BF4B-00C04F79EFBC}") = "LiveChat.Interface", "LiveChat.Interface\LiveChat.Interface.csproj", "{DA2EFC21-634B-4263-B9E5-10397ABB3674}"
EndProject
Project("{FAE04EC0-301F-11D3-BF4B-00C04F79EFBC}") = "LiveChat.Service", "LiveChat.Service\LiveChat.Service.csproj", "{48056277-08D1-4F0F-B3EC-11F3F4A96A87}"
EndProject
Project("{FAE04EC0-301F-11D3-BF4B-00C04F79EFBC}") = "LiveChat.WindowsService", "LiveChat.WindowsService\LiveChat.WindowsService.csproj", "{38DFA571-3B7B-4740-9A31-2D345F280D7D}"
EndProject
Project("{FAE04EC0-301F-11D3-BF4B-00C04F79EFBC}") = "LiveChat.Design", "LiveChat.Design\LiveChat.Design.csproj", "{05444C82-C9B1-4558-9277-9E465F7C0BA2}"
EndProject
Project("{FAE04EC0-301F-11D3-BF4B-00C04F79EFBC}") = "LiveChat.Web", "LiveChat.Web\LiveChat.Web.csproj", "{9D9A965A-C213-4CBC-AE4E-0A9091DC52CD}"
EndProject
Project("{2150E333-8FDC-42A3-9474-1A3956D46DE8}") = "服务相关", "服务相关", "{62076CA3-60EB-4925-8AD4-680A47D5F369}"
EndProject
Project("{2150E333-8FDC-42A3-9474-1A3956D46DE8}") = "Web相关", "Web相关", "{BDC5D79A-052E-452E-91AD-EB643B175F5B}"
EndProject
Project("{FAE04EC0-301F-11D3-BF4B-00C04F79EFBC}") = "LiveChat.Monitoring", "LiveChat.Monitoring\LiveChat.Monitoring.csproj", "{D6279936-005B-4F63-A29C-7B3D9C6508BC}"
EndProject
Project("{FAE04EC0-301F-11D3-BF4B-00C04F79EFBC}") = "LiveChat.Client", "LiveChat.Client\LiveChat.Client.csproj", "{88967C2C-D661-4D6D-BB6E-543FBADD310A}"
EndProject
Project("{FAE04EC0-301F-11D3-BF4B-00C04F79EFBC}") = "LiveChat.Framework", "Live.Framework\LiveChat.Framework.csproj", "{CBA483B8-3EBC-4F99-959A-0BCBD651ED21}"
EndProject
Project("{54435603-DBB4-11D2-8724-00A0C9A8B90C}") = "LiveChat.Setup", "LiveChat.Setup\LiveChat.Setup.vdproj", "{4E762449-4FA9-4407-9759-FCEBC80530E6}"
EndProject
Project("{FAE04EC0-301F-11D3-BF4B-00C04F79EFBC}") = "LiveChat.Web.Test", "LiveChat.Web.Test\LiveChat.Web.Test.csproj", "{06C5D719-76FC-4B22-A6AD-A188FD78DF2A}"
EndProject
Project("{FAE04EC0-301F-11D3-BF4B-00C04F79EFBC}") = "LiveChat.Service.Test", "LiveChat.Service.Test\LiveChat.Service.Test.csproj", "{1FBCBC84-8C12-4909-B133-72DFBED61D0E}"
EndProject
Project("{2150E333-8FDC-42A3-9474-1A3956D46DE8}") = "Solution Items", "Solution Items", "{77C55E9F-7F32-41C3-85D4-9599EBA75558}"
	ProjectSection(SolutionItems) = preProject
		LiveChat.vsmdi = LiveChat.vsmdi
		LocalTestRun.testrunconfig = LocalTestRun.testrunconfig
	EndProjectSection
EndProject
Project("{2150E333-8FDC-42A3-9474-1A3956D46DE8}") = "客服端", "客服端", "{CB627735-32B7-4FBE-AF95-47020F6E0114}"
EndProject
Project("{FAE04EC0-301F-11D3-BF4B-00C04F79EFBC}") = "AutoUpdate", "AutoUpdate\AutoUpdate.csproj", "{300DF611-E6A4-447F-86CB-FD409C50CE8A}"
EndProject
Global
	GlobalSection(SubversionScc) = preSolution
		Svn-Managed = True
		Manager = AnkhSVN - Subversion Support for Visual Studio
	EndGlobalSection
	GlobalSection(TestCaseManagementSettings) = postSolution
		CategoryFile = LiveChat.vsmdi
	EndGlobalSection
	GlobalSection(SolutionConfigurationPlatforms) = preSolution
		Debug|Any CPU = Debug|Any CPU
		Release|Any CPU = Release|Any CPU
	EndGlobalSection
	GlobalSection(ProjectConfigurationPlatforms) = postSolution
		{CD173DCC-3A8F-4483-B463-A934EBBC5210}.Debug|Any CPU.ActiveCfg = Debug|Any CPU
		{CD173DCC-3A8F-4483-B463-A934EBBC5210}.Debug|Any CPU.Build.0 = Debug|Any CPU
		{CD173DCC-3A8F-4483-B463-A934EBBC5210}.Release|Any CPU.ActiveCfg = Release|Any CPU
		{CD173DCC-3A8F-4483-B463-A934EBBC5210}.Release|Any CPU.Build.0 = Release|Any CPU
		{DA2EFC21-634B-4263-B9E5-10397ABB3674}.Debug|Any CPU.ActiveCfg = Debug|Any CPU
		{DA2EFC21-634B-4263-B9E5-10397ABB3674}.Debug|Any CPU.Build.0 = Debug|Any CPU
		{DA2EFC21-634B-4263-B9E5-10397ABB3674}.Release|Any CPU.ActiveCfg = Release|Any CPU
		{DA2EFC21-634B-4263-B9E5-10397ABB3674}.Release|Any CPU.Build.0 = Release|Any CPU
		{48056277-08D1-4F0F-B3EC-11F3F4A96A87}.Debug|Any CPU.ActiveCfg = Debug|Any CPU
		{48056277-08D1-4F0F-B3EC-11F3F4A96A87}.Debug|Any CPU.Build.0 = Debug|Any CPU
		{48056277-08D1-4F0F-B3EC-11F3F4A96A87}.Release|Any CPU.ActiveCfg = Release|Any CPU
		{48056277-08D1-4F0F-B3EC-11F3F4A96A87}.Release|Any CPU.Build.0 = Release|Any CPU
		{38DFA571-3B7B-4740-9A31-2D345F280D7D}.Debug|Any CPU.ActiveCfg = Debug|Any CPU
		{38DFA571-3B7B-4740-9A31-2D345F280D7D}.Debug|Any CPU.Build.0 = Debug|Any CPU
		{38DFA571-3B7B-4740-9A31-2D345F280D7D}.Release|Any CPU.ActiveCfg = Release|Any CPU
		{38DFA571-3B7B-4740-9A31-2D345F280D7D}.Release|Any CPU.Build.0 = Release|Any CPU
		{05444C82-C9B1-4558-9277-9E465F7C0BA2}.Debug|Any CPU.ActiveCfg = Debug|Any CPU
		{05444C82-C9B1-4558-9277-9E465F7C0BA2}.Debug|Any CPU.Build.0 = Debug|Any CPU
		{05444C82-C9B1-4558-9277-9E465F7C0BA2}.Release|Any CPU.ActiveCfg = Release|Any CPU
		{05444C82-C9B1-4558-9277-9E465F7C0BA2}.Release|Any CPU.Build.0 = Release|Any CPU
		{9D9A965A-C213-4CBC-AE4E-0A9091DC52CD}.Debug|Any CPU.ActiveCfg = Debug|Any CPU
		{9D9A965A-C213-4CBC-AE4E-0A9091DC52CD}.Debug|Any CPU.Build.0 = Debug|Any CPU
		{9D9A965A-C213-4CBC-AE4E-0A9091DC52CD}.Release|Any CPU.ActiveCfg = Release|Any CPU
		{9D9A965A-C213-4CBC-AE4E-0A9091DC52CD}.Release|Any CPU.Build.0 = Release|Any CPU
		{D6279936-005B-4F63-A29C-7B3D9C6508BC}.Debug|Any CPU.ActiveCfg = Debug|Any CPU
		{D6279936-005B-4F63-A29C-7B3D9C6508BC}.Debug|Any CPU.Build.0 = Debug|Any CPU
		{D6279936-005B-4F63-A29C-7B3D9C6508BC}.Release|Any CPU.ActiveCfg = Release|Any CPU
		{D6279936-005B-4F63-A29C-7B3D9C6508BC}.Release|Any CPU.Build.0 = Release|Any CPU
		{88967C2C-D661-4D6D-BB6E-543FBADD310A}.Debug|Any CPU.ActiveCfg = Debug|Any CPU
		{88967C2C-D661-4D6D-BB6E-543FBADD310A}.Debug|Any CPU.Build.0 = Debug|Any CPU
		{88967C2C-D661-4D6D-BB6E-543FBADD310A}.Release|Any CPU.ActiveCfg = Release|Any CPU
		{88967C2C-D661-4D6D-BB6E-543FBADD310A}.Release|Any CPU.Build.0 = Release|Any CPU
		{CBA483B8-3EBC-4F99-959A-0BCBD651ED21}.Debug|Any CPU.ActiveCfg = Debug|Any CPU
		{CBA483B8-3EBC-4F99-959A-0BCBD651ED21}.Debug|Any CPU.Build.0 = Debug|Any CPU
		{CBA483B8-3EBC-4F99-959A-0BCBD651ED21}.Release|Any CPU.ActiveCfg = Release|Any CPU
		{CBA483B8-3EBC-4F99-959A-0BCBD651ED21}.Release|Any CPU.Build.0 = Release|Any CPU
		{4E762449-4FA9-4407-9759-FCEBC80530E6}.Debug|Any CPU.ActiveCfg = Debug
		{4E762449-4FA9-4407-9759-FCEBC80530E6}.Release|Any CPU.ActiveCfg = Release
		{06C5D719-76FC-4B22-A6AD-A188FD78DF2A}.Debug|Any CPU.ActiveCfg = Debug|Any CPU
		{06C5D719-76FC-4B22-A6AD-A188FD78DF2A}.Debug|Any CPU.Build.0 = Debug|Any CPU
		{06C5D719-76FC-4B22-A6AD-A188FD78DF2A}.Release|Any CPU.ActiveCfg = Release|Any CPU
		{06C5D719-76FC-4B22-A6AD-A188FD78DF2A}.Release|Any CPU.Build.0 = Release|Any CPU
		{1FBCBC84-8C12-4909-B133-72DFBED61D0E}.Debug|Any CPU.ActiveCfg = Debug|Any CPU
		{1FBCBC84-8C12-4909-B133-72DFBED61D0E}.Debug|Any CPU.Build.0 = Debug|Any CPU
		{1FBCBC84-8C12-4909-B133-72DFBED61D0E}.Release|Any CPU.ActiveCfg = Release|Any CPU
		{1FBCBC84-8C12-4909-B133-72DFBED61D0E}.Release|Any CPU.Build.0 = Release|Any CPU
		{300DF611-E6A4-447F-86CB-FD409C50CE8A}.Debug|Any CPU.ActiveCfg = Debug|Any CPU
		{300DF611-E6A4-447F-86CB-FD409C50CE8A}.Debug|Any CPU.Build.0 = Debug|Any CPU
		{300DF611-E6A4-447F-86CB-FD409C50CE8A}.Release|Any CPU.ActiveCfg = Release|Any CPU
		{300DF611-E6A4-447F-86CB-FD409C50CE8A}.Release|Any CPU.Build.0 = Release|Any CPU
	EndGlobalSection
	GlobalSection(SolutionProperties) = preSolution
		HideSolutionNode = FALSE
	EndGlobalSection
	GlobalSection(NestedProjects) = preSolution
		{DA2EFC21-634B-4263-B9E5-10397ABB3674} = {62076CA3-60EB-4925-8AD4-680A47D5F369}
		{48056277-08D1-4F0F-B3EC-11F3F4A96A87} = {62076CA3-60EB-4925-8AD4-680A47D5F369}
		{38DFA571-3B7B-4740-9A31-2D345F280D7D} = {62076CA3-60EB-4925-8AD4-680A47D5F369}
		{05444C82-C9B1-4558-9277-9E465F7C0BA2} = {62076CA3-60EB-4925-8AD4-680A47D5F369}
		{CD173DCC-3A8F-4483-B463-A934EBBC5210} = {62076CA3-60EB-4925-8AD4-680A47D5F369}
		{D6279936-005B-4F63-A29C-7B3D9C6508BC} = {62076CA3-60EB-4925-8AD4-680A47D5F369}
		{CBA483B8-3EBC-4F99-959A-0BCBD651ED21} = {62076CA3-60EB-4925-8AD4-680A47D5F369}
		{9D9A965A-C213-4CBC-AE4E-0A9091DC52CD} = {BDC5D79A-052E-452E-91AD-EB643B175F5B}
		{06C5D719-76FC-4B22-A6AD-A188FD78DF2A} = {BDC5D79A-052E-452E-91AD-EB643B175F5B}
		{88967C2C-D661-4D6D-BB6E-543FBADD310A} = {CB627735-32B7-4FBE-AF95-47020F6E0114}
		{300DF611-E6A4-447F-86CB-FD409C50CE8A} = {CB627735-32B7-4FBE-AF95-47020F6E0114}
	EndGlobalSection
EndGlobal
